
Microsoft Visual Studio Solution File, Format Version 12.00
# Visual Studio Version 16
VisualStudioVersion = 16.0.33328.57
MinimumVisualStudioVersion = 10.0.40219.1
Project("{FAE04EC0-301F-11D3-BF4B-00C04F79EFBC}") = "SAIN Flashlights", "SAIN Flashlights.csproj", "{89E1011E-37C3-4CF5-8128-8B6945360824}"
EndProject
Global
	GlobalSection(SolutionConfigurationPlatforms) = preSolution
		Debug|Any CPU = Debug|Any CPU
		Debug|x86 = Debug|x86
		Release|Any CPU = Release|Any CPU
		Release|x86 = Release|x86
	EndGlobalSection
	GlobalSection(ProjectConfigurationPlatforms) = postSolution
		{89E1011E-37C3-4CF5-8128-8B6945360824}.Debug|Any CPU.ActiveCfg = Debug|x86
		{89E1011E-37C3-4CF5-8128-8B6945360824}.Debug|x86.ActiveCfg = Debug|x86
		{89E1011E-37C3-4CF5-8128-8B6945360824}.Debug|x86.Build.0 = Debug|x86
		{89E1011E-37C3-4CF5-8128-8B6945360824}.Release|Any CPU.ActiveCfg = Release|x86
		{89E1011E-37C3-4CF5-8128-8B6945360824}.Release|x86.ActiveCfg = Release|x86
		{89E1011E-37C3-4CF5-8128-8B6945360824}.Release|x86.Build.0 = Release|x86
	EndGlobalSection
	GlobalSection(SolutionProperties) = preSolution
		HideSolutionNode = FALSE
	EndGlobalSection
	GlobalSection(ExtensibilityGlobals) = postSolution
		SolutionGuid = {CC901496-A04E-4918-BC51-786E65A07F50}
	EndGlobalSection
EndGlobal
