
Microsoft Visual Studio Solution File, Format Version 12.00
# Visual Studio Version 17
VisualStudioVersion = 17.5.33530.505
MinimumVisualStudioVersion = 10.0.40219.1
Project("{FAE04EC0-301F-11D3-BF4B-00C04F79EFBC}") = "SAIN Flashlights", "SAIN Flashlights\SAIN Flashlights.csproj", "{26FD5B9F-2847-4072-BCE3-6182F3F7A8A6}"
EndProject
Project("{FAE04EC0-301F-11D3-BF4B-00C04F79EFBC}") = "SAIN Layers", "SAIN Movement\SAIN Layers.csproj", "{08D5B0F0-2F19-46FB-9C26-D78C0722ECA5}"
EndProject
Project("{FAE04EC0-301F-11D3-BF4B-00C04F79EFBC}") = "NoGrenadeYell", "No More Grenade Yell\NoGrenadeYell.csproj", "{7B486D24-E89C-4495-87B7-154843EBBAE9}"
EndProject
Global
	GlobalSection(SolutionConfigurationPlatforms) = preSolution
		3.5.5|Any CPU = 3.5.5|Any CPU
		3.5.5|x86 = 3.5.5|x86
		3.5.7|Any CPU = 3.5.7|Any CPU
		3.5.7|x86 = 3.5.7|x86
		Debug|Any CPU = Debug|Any CPU
		Debug|x86 = Debug|x86
		Release|Any CPU = Release|Any CPU
		Release|x86 = Release|x86
	EndGlobalSection
	GlobalSection(ProjectConfigurationPlatforms) = postSolution
		{26FD5B9F-2847-4072-BCE3-6182F3F7A8A6}.3.5.5|Any CPU.ActiveCfg = 3.5.5|x86
		{26FD5B9F-2847-4072-BCE3-6182F3F7A8A6}.3.5.5|Any CPU.Build.0 = 3.5.5|x86
		{26FD5B9F-2847-4072-BCE3-6182F3F7A8A6}.3.5.5|x86.ActiveCfg = 3.5.5|x86
		{26FD5B9F-2847-4072-BCE3-6182F3F7A8A6}.3.5.5|x86.Build.0 = 3.5.5|x86
		{26FD5B9F-2847-4072-BCE3-6182F3F7A8A6}.3.5.7|Any CPU.ActiveCfg = 3.5.7|x86
		{26FD5B9F-2847-4072-BCE3-6182F3F7A8A6}.3.5.7|Any CPU.Build.0 = 3.5.7|x86
		{26FD5B9F-2847-4072-BCE3-6182F3F7A8A6}.3.5.7|x86.ActiveCfg = 3.5.7|x86
		{26FD5B9F-2847-4072-BCE3-6182F3F7A8A6}.3.5.7|x86.Build.0 = 3.5.7|x86
		{26FD5B9F-2847-4072-BCE3-6182F3F7A8A6}.Debug|Any CPU.ActiveCfg = Debug|x86
		{26FD5B9F-2847-4072-BCE3-6182F3F7A8A6}.Debug|Any CPU.Build.0 = Debug|x86
		{26FD5B9F-2847-4072-BCE3-6182F3F7A8A6}.Debug|x86.ActiveCfg = Debug|x86
		{26FD5B9F-2847-4072-BCE3-6182F3F7A8A6}.Debug|x86.Build.0 = Debug|x86
		{26FD5B9F-2847-4072-BCE3-6182F3F7A8A6}.Release|Any CPU.ActiveCfg = Release|x86
		{26FD5B9F-2847-4072-BCE3-6182F3F7A8A6}.Release|Any CPU.Build.0 = Release|x86
		{26FD5B9F-2847-4072-BCE3-6182F3F7A8A6}.Release|x86.ActiveCfg = Release|x86
		{26FD5B9F-2847-4072-BCE3-6182F3F7A8A6}.Release|x86.Build.0 = Release|x86
		{08D5B0F0-2F19-46FB-9C26-D78C0722ECA5}.3.5.5|Any CPU.ActiveCfg = 3.5.5|x86
		{08D5B0F0-2F19-46FB-9C26-D78C0722ECA5}.3.5.5|Any CPU.Build.0 = 3.5.5|x86
		{08D5B0F0-2F19-46FB-9C26-D78C0722ECA5}.3.5.5|x86.ActiveCfg = 3.5.5|x86
		{08D5B0F0-2F19-46FB-9C26-D78C0722ECA5}.3.5.5|x86.Build.0 = 3.5.5|x86
		{08D5B0F0-2F19-46FB-9C26-D78C0722ECA5}.3.5.7|Any CPU.ActiveCfg = 3.5.7|x86
		{08D5B0F0-2F19-46FB-9C26-D78C0722ECA5}.3.5.7|Any CPU.Build.0 = 3.5.7|x86
		{08D5B0F0-2F19-46FB-9C26-D78C0722ECA5}.3.5.7|x86.ActiveCfg = 3.5.7|x86
		{08D5B0F0-2F19-46FB-9C26-D78C0722ECA5}.3.5.7|x86.Build.0 = 3.5.7|x86
		{08D5B0F0-2F19-46FB-9C26-D78C0722ECA5}.Debug|Any CPU.ActiveCfg = Debug|x86
		{08D5B0F0-2F19-46FB-9C26-D78C0722ECA5}.Debug|Any CPU.Build.0 = Debug|x86
		{08D5B0F0-2F19-46FB-9C26-D78C0722ECA5}.Debug|x86.ActiveCfg = Debug|x86
		{08D5B0F0-2F19-46FB-9C26-D78C0722ECA5}.Debug|x86.Build.0 = Debug|x86
		{08D5B0F0-2F19-46FB-9C26-D78C0722ECA5}.Release|Any CPU.ActiveCfg = Release|x86
		{08D5B0F0-2F19-46FB-9C26-D78C0722ECA5}.Release|Any CPU.Build.0 = Release|x86
		{08D5B0F0-2F19-46FB-9C26-D78C0722ECA5}.Release|x86.ActiveCfg = Release|x86
		{08D5B0F0-2F19-46FB-9C26-D78C0722ECA5}.Release|x86.Build.0 = Release|x86
		{7B486D24-E89C-4495-87B7-154843EBBAE9}.3.5.5|Any CPU.ActiveCfg = 3.5.5|x86
		{7B486D24-E89C-4495-87B7-154843EBBAE9}.3.5.5|x86.ActiveCfg = 3.5.5|x86
		{7B486D24-E89C-4495-87B7-154843EBBAE9}.3.5.7|Any CPU.ActiveCfg = 3.5.5|x86
		{7B486D24-E89C-4495-87B7-154843EBBAE9}.3.5.7|x86.ActiveCfg = 3.5.5|x86
		{7B486D24-E89C-4495-87B7-154843EBBAE9}.Debug|Any CPU.ActiveCfg = Debug|x86
		{7B486D24-E89C-4495-87B7-154843EBBAE9}.Debug|Any CPU.Build.0 = Debug|x86
		{7B486D24-E89C-4495-87B7-154843EBBAE9}.Debug|x86.ActiveCfg = Debug|x86
		{7B486D24-E89C-4495-87B7-154843EBBAE9}.Debug|x86.Build.0 = Debug|x86
		{7B486D24-E89C-4495-87B7-154843EBBAE9}.Release|Any CPU.ActiveCfg = Release|x86
		{7B486D24-E89C-4495-87B7-154843EBBAE9}.Release|Any CPU.Build.0 = Release|x86
		{7B486D24-E89C-4495-87B7-154843EBBAE9}.Release|x86.ActiveCfg = Release|x86
		{7B486D24-E89C-4495-87B7-154843EBBAE9}.Release|x86.Build.0 = Release|x86
	EndGlobalSection
	GlobalSection(SolutionProperties) = preSolution
		HideSolutionNode = FALSE
	EndGlobalSection
	GlobalSection(ExtensibilityGlobals) = postSolution
		SolutionGuid = {9E87EA56-89A9-4B81-AD52-363803DACD8F}
	EndGlobalSection
EndGlobal
